# THIS IS AN AUTOGENERATED FILE. DO NOT EDIT THIS FILE DIRECTLY.
# yarn lockfile v1


commander@^2.9.0:
  version "2.9.0"
  resolved "https://registry.yarnpkg.com/commander/-/commander-2.9.0.tgz#9c99094176e12240cb22d6c5146098400fe0f7d4"
  dependencies:
    graceful-readlink ">= 1.0.0"

"graceful-readlink@>= 1.0.0":
  version "1.0.1"
  resolved "https://registry.yarnpkg.com/graceful-readlink/-/graceful-readlink-1.0.1.tgz#4cafad76bc62f02fa039b2f94e9a3dd3a391a725"

jekyll-posts-generator@^0.0.5:
  version "0.0.5"
  resolved "https://registry.yarnpkg.com/jekyll-posts-generator/-/jekyll-posts-generator-0.0.5.tgz#6a71c318f9d9ca13bf9aa773d79d9a40bb1526b6"
  dependencies:
    commander "^2.9.0"
    json2yaml "^1.0.3"

json2yaml@^1.0.3:
  version "1.1.0"
  resolved "https://registry.yarnpkg.com/json2yaml/-/json2yaml-1.1.0.tgz#5414d907f9816586b80c513ec2e3aeb2ab819a6c"
  dependencies:
    remedial "1.x"

remedial@1.x:
  version "1.0.7"
  resolved "https://registry.yarnpkg.com/remedial/-/remedial-1.0.7.tgz#d6674413a65676007be00dd400980987b2c300c1"
